
Microsoft Visual Studio Solution File, Format Version 12.00
# Visual Studio 15
VisualStudioVersion = 15.0.27428.2005
MinimumVisualStudioVersion = 10.0.40219.1
Project("{FAE04EC0-301F-11D3-BF4B-00C04F79EFBC}") = "GunShopWebAPI", "GunShopWebAPI\GunShopWebAPI.csproj", "{623EAF33-5D86-4CCA-BD32-2ECE5304FA3A}"
EndProject
Global
	GlobalSection(SolutionConfigurationPlatforms) = preSolution
		Debug|Any CPU = Debug|Any CPU
		Release|Any CPU = Release|Any CPU
	EndGlobalSection
	GlobalSection(ProjectConfigurationPlatforms) = postSolution
		{623EAF33-5D86-4CCA-BD32-2ECE5304FA3A}.Debug|Any CPU.ActiveCfg = Debug|Any CPU
		{623EAF33-5D86-4CCA-BD32-2ECE5304FA3A}.Debug|Any CPU.Build.0 = Debug|Any CPU
		{623EAF33-5D86-4CCA-BD32-2ECE5304FA3A}.Release|Any CPU.ActiveCfg = Release|Any CPU
		{623EAF33-5D86-4CCA-BD32-2ECE5304FA3A}.Release|Any CPU.Build.0 = Release|Any CPU
	EndGlobalSection
	GlobalSection(SolutionProperties) = preSolution
		HideSolutionNode = FALSE
	EndGlobalSection
	GlobalSection(ExtensibilityGlobals) = postSolution
		SolutionGuid = {55804146-E214-4B2E-BAB0-659BD5C5F35A}
	EndGlobalSection
EndGlobal
